// !$*UTF8*$!
{
	archiveVersion = 1;
	classes = {
	};
	objectVersion = 46;
	objects = {

/* Begin PBXBuildFile section */
		2FE390511D5E24E39B43FFC4 /* libPods-PhotoBooth.a in Frameworks */ = {isa = PBXBuildFile; fileRef = A19E3F76F8ACD103C17822B6 /* libPods-PhotoBooth.a */; };
		561AA1D51DC70B4B00FA2077 /* PropertyView.xib in Resources */ = {isa = PBXBuildFile; fileRef = 561AA1D41DC70B4B00FA2077 /* PropertyView.xib */; };
		561AA1D81DC71B2C00FA2077 /* TextPropertyView.m in Sources */ = {isa = PBXBuildFile; fileRef = 561AA1D71DC71B2C00FA2077 /* TextPropertyView.m */; };
		56476E011DB8A01F003F209F /* Doctor Soos Bold 2.1.ttf in Resources */ = {isa = PBXBuildFile; fileRef = 56476DFF1DB8A01F003F209F /* Doctor Soos Bold 2.1.ttf */; };
		56476E021DB8A01F003F209F /* Doctor Soos Light 1.1.ttf in Resources */ = {isa = PBXBuildFile; fileRef = 56476E001DB8A01F003F209F /* Doctor Soos Light 1.1.ttf */; };
		565781711DBFC3F0006BD749 /* GlobalUtility.m in Sources */ = {isa = PBXBuildFile; fileRef = 565781691DBFC3F0006BD749 /* GlobalUtility.m */; };
		565781721DBFC3F0006BD749 /* IntroViewController.m in Sources */ = {isa = PBXBuildFile; fileRef = 5657816C1DBFC3F0006BD749 /* IntroViewController.m */; };
		565781731DBFC3F0006BD749 /* SendPhotoViewController.m in Sources */ = {isa = PBXBuildFile; fileRef = 5657816E1DBFC3F0006BD749 /* SendPhotoViewController.m */; };
		565781741DBFC3F0006BD749 /* ViewController.m in Sources */ = {isa = PBXBuildFile; fileRef = 565781701DBFC3F0006BD749 /* ViewController.m */; };
		5657817C1DBFC488006BD749 /* IntroScreenImagesModel.m in Sources */ = {isa = PBXBuildFile; fileRef = 5657817B1DBFC488006BD749 /* IntroScreenImagesModel.m */; };
		565781821DC01694006BD749 /* GlobalConstants.m in Sources */ = {isa = PBXBuildFile; fileRef = 565781811DC01694006BD749 /* GlobalConstants.m */; };
		565F12871DACB76F00B96C52 /* main.m in Sources */ = {isa = PBXBuildFile; fileRef = 565F12861DACB76F00B96C52 /* main.m */; };
		565F128A1DACB76F00B96C52 /* AppDelegate.m in Sources */ = {isa = PBXBuildFile; fileRef = 565F12891DACB76F00B96C52 /* AppDelegate.m */; };
		565F12901DACB76F00B96C52 /* Main.storyboard in Resources */ = {isa = PBXBuildFile; fileRef = 565F128E1DACB76F00B96C52 /* Main.storyboard */; };
		565F12921DACB76F00B96C52 /* Assets.xcassets in Resources */ = {isa = PBXBuildFile; fileRef = 565F12911DACB76F00B96C52 /* Assets.xcassets */; };
		565F12951DACB76F00B96C52 /* LaunchScreen.storyboard in Resources */ = {isa = PBXBuildFile; fileRef = 565F12931DACB76F00B96C52 /* LaunchScreen.storyboard */; };
		5675B63E1DD24CE600B16C69 /* IntroScreenLabelsModel.m in Sources */ = {isa = PBXBuildFile; fileRef = 5675B63D1DD24CE600B16C69 /* IntroScreenLabelsModel.m */; };
		5697FF0B1DD3FDF8001E741D /* EditModeViewController.xib in Resources */ = {isa = PBXBuildFile; fileRef = 5697FF091DD3FDF8001E741D /* EditModeViewController.xib */; };
		5697FF0E1DD3FF57001E741D /* EditModeView.m in Sources */ = {isa = PBXBuildFile; fileRef = 5697FF0D1DD3FF57001E741D /* EditModeView.m */; };
		56A29A651DC0A0DC003FDCCA /* SmartLabel.m in Sources */ = {isa = PBXBuildFile; fileRef = 56A29A641DC0A0DC003FDCCA /* SmartLabel.m */; };
		56A29A681DC1ED33003FDCCA /* SmartSlider.m in Sources */ = {isa = PBXBuildFile; fileRef = 56A29A671DC1ED33003FDCCA /* SmartSlider.m */; };
		56C0995E1DD5A6700018BF24 /* BaseView.m in Sources */ = {isa = PBXBuildFile; fileRef = 56C0995D1DD5A6700018BF24 /* BaseView.m */; };
		56C099611DD5AEB90018BF24 /* BaseViewController.m in Sources */ = {isa = PBXBuildFile; fileRef = 56C099601DD5AEB90018BF24 /* BaseViewController.m */; };
		56F6DCC91DADE9CE002F7D23 /* Photos.framework in Frameworks */ = {isa = PBXBuildFile; fileRef = 56F6DCC71DADE9CD002F7D23 /* Photos.framework */; };
		56F6DCCA1DADE9CE002F7D23 /* PhotosUI.framework in Frameworks */ = {isa = PBXBuildFile; fileRef = 56F6DCC81DADE9CD002F7D23 /* PhotosUI.framework */; };
/* End PBXBuildFile section */

/* Begin PBXFileReference section */
		17A5FF821C9E087BD5CC9E6F /* Pods-PhotoBooth.release.xcconfig */ = {isa = PBXFileReference; includeInIndex = 1; lastKnownFileType = text.xcconfig; name = "Pods-PhotoBooth.release.xcconfig"; path = "Pods/Target Support Files/Pods-PhotoBooth/Pods-PhotoBooth.release.xcconfig"; sourceTree = "<group>"; };
		561AA1D41DC70B4B00FA2077 /* PropertyView.xib */ = {isa = PBXFileReference; fileEncoding = 4; lastKnownFileType = file.xib; path = PropertyView.xib; sourceTree = "<group>"; };
		561AA1D61DC71B2C00FA2077 /* TextPropertyView.h */ = {isa = PBXFileReference; fileEncoding = 4; lastKnownFileType = sourcecode.c.h; name = TextPropertyView.h; path = ../TextPropertyView.h; sourceTree = "<group>"; };
		561AA1D71DC71B2C00FA2077 /* TextPropertyView.m */ = {isa = PBXFileReference; fileEncoding = 4; lastKnownFileType = sourcecode.c.objc; name = TextPropertyView.m; path = ../TextPropertyView.m; sourceTree = "<group>"; };
		56476DFF1DB8A01F003F209F /* Doctor Soos Bold 2.1.ttf */ = {isa = PBXFileReference; lastKnownFileType = file; path = "Doctor Soos Bold 2.1.ttf"; sourceTree = "<group>"; };
		56476E001DB8A01F003F209F /* Doctor Soos Light 1.1.ttf */ = {isa = PBXFileReference; lastKnownFileType = file; path = "Doctor Soos Light 1.1.ttf"; sourceTree = "<group>"; };
		565781681DBFC3F0006BD749 /* GlobalUtility.h */ = {isa = PBXFileReference; fileEncoding = 4; lastKnownFileType = sourcecode.c.h; path = GlobalUtility.h; sourceTree = "<group>"; };
		565781691DBFC3F0006BD749 /* GlobalUtility.m */ = {isa = PBXFileReference; fileEncoding = 4; lastKnownFileType = sourcecode.c.objc; path = GlobalUtility.m; sourceTree = "<group>"; };
		5657816B1DBFC3F0006BD749 /* IntroViewController.h */ = {isa = PBXFileReference; fileEncoding = 4; lastKnownFileType = sourcecode.c.h; path = IntroViewController.h; sourceTree = "<group>"; };
		5657816C1DBFC3F0006BD749 /* IntroViewController.m */ = {isa = PBXFileReference; fileEncoding = 4; lastKnownFileType = sourcecode.c.objc; path = IntroViewController.m; sourceTree = "<group>"; };
		5657816D1DBFC3F0006BD749 /* SendPhotoViewController.h */ = {isa = PBXFileReference; fileEncoding = 4; lastKnownFileType = sourcecode.c.h; path = SendPhotoViewController.h; sourceTree = "<group>"; };
		5657816E1DBFC3F0006BD749 /* SendPhotoViewController.m */ = {isa = PBXFileReference; fileEncoding = 4; lastKnownFileType = sourcecode.c.objc; path = SendPhotoViewController.m; sourceTree = "<group>"; };
		5657816F1DBFC3F0006BD749 /* ViewController.h */ = {isa = PBXFileReference; fileEncoding = 4; lastKnownFileType = sourcecode.c.h; path = ViewController.h; sourceTree = "<group>"; };
		565781701DBFC3F0006BD749 /* ViewController.m */ = {isa = PBXFileReference; fileEncoding = 4; lastKnownFileType = sourcecode.c.objc; path = ViewController.m; sourceTree = "<group>"; };
		5657817A1DBFC488006BD749 /* IntroScreenImagesModel.h */ = {isa = PBXFileReference; fileEncoding = 4; lastKnownFileType = sourcecode.c.h; path = IntroScreenImagesModel.h; sourceTree = "<group>"; };
		5657817B1DBFC488006BD749 /* IntroScreenImagesModel.m */ = {isa = PBXFileReference; fileEncoding = 4; lastKnownFileType = sourcecode.c.objc; path = IntroScreenImagesModel.m; sourceTree = "<group>"; };
		565781801DC01694006BD749 /* GlobalConstants.h */ = {isa = PBXFileReference; fileEncoding = 4; lastKnownFileType = sourcecode.c.h; path = GlobalConstants.h; sourceTree = "<group>"; };
		565781811DC01694006BD749 /* GlobalConstants.m */ = {isa = PBXFileReference; fileEncoding = 4; lastKnownFileType = sourcecode.c.objc; path = GlobalConstants.m; sourceTree = "<group>"; };
		565781831DC0182A006BD749 /* PrefixHeader.pch */ = {isa = PBXFileReference; fileEncoding = 4; lastKnownFileType = sourcecode.c.h; path = PrefixHeader.pch; sourceTree = "<group>"; };
		565F12821DACB76F00B96C52 /* PhotoBooth.app */ = {isa = PBXFileReference; explicitFileType = wrapper.application; includeInIndex = 0; path = PhotoBooth.app; sourceTree = BUILT_PRODUCTS_DIR; };
		565F12861DACB76F00B96C52 /* main.m */ = {isa = PBXFileReference; lastKnownFileType = sourcecode.c.objc; path = main.m; sourceTree = "<group>"; };
		565F12881DACB76F00B96C52 /* AppDelegate.h */ = {isa = PBXFileReference; lastKnownFileType = sourcecode.c.h; path = AppDelegate.h; sourceTree = "<group>"; };
		565F12891DACB76F00B96C52 /* AppDelegate.m */ = {isa = PBXFileReference; lastKnownFileType = sourcecode.c.objc; path = AppDelegate.m; sourceTree = "<group>"; };
		565F128F1DACB76F00B96C52 /* Base */ = {isa = PBXFileReference; lastKnownFileType = file.storyboard; name = Base; path = Base.lproj/Main.storyboard; sourceTree = "<group>"; };
		565F12911DACB76F00B96C52 /* Assets.xcassets */ = {isa = PBXFileReference; lastKnownFileType = folder.assetcatalog; path = Assets.xcassets; sourceTree = "<group>"; };
		565F12941DACB76F00B96C52 /* Base */ = {isa = PBXFileReference; lastKnownFileType = file.storyboard; name = Base; path = Base.lproj/LaunchScreen.storyboard; sourceTree = "<group>"; };
		565F12961DACB76F00B96C52 /* Info.plist */ = {isa = PBXFileReference; lastKnownFileType = text.plist.xml; path = Info.plist; sourceTree = "<group>"; };
		5675B63C1DD24CE600B16C69 /* IntroScreenLabelsModel.h */ = {isa = PBXFileReference; fileEncoding = 4; lastKnownFileType = sourcecode.c.h; path = IntroScreenLabelsModel.h; sourceTree = "<group>"; };
		5675B63D1DD24CE600B16C69 /* IntroScreenLabelsModel.m */ = {isa = PBXFileReference; fileEncoding = 4; lastKnownFileType = sourcecode.c.objc; path = IntroScreenLabelsModel.m; sourceTree = "<group>"; };
		5697FF091DD3FDF8001E741D /* EditModeViewController.xib */ = {isa = PBXFileReference; fileEncoding = 4; lastKnownFileType = file.xib; name = EditModeViewController.xib; path = Models/EditModeViewController.xib; sourceTree = "<group>"; };
		5697FF0C1DD3FF57001E741D /* EditModeView.h */ = {isa = PBXFileReference; fileEncoding = 4; lastKnownFileType = sourcecode.c.h; path = EditModeView.h; sourceTree = "<group>"; };
		5697FF0D1DD3FF57001E741D /* EditModeView.m */ = {isa = PBXFileReference; fileEncoding = 4; lastKnownFileType = sourcecode.c.objc; path = EditModeView.m; sourceTree = "<group>"; };
		56A29A631DC0A0DC003FDCCA /* SmartLabel.h */ = {isa = PBXFileReference; fileEncoding = 4; lastKnownFileType = sourcecode.c.h; path = SmartLabel.h; sourceTree = "<group>"; };
		56A29A641DC0A0DC003FDCCA /* SmartLabel.m */ = {isa = PBXFileReference; fileEncoding = 4; lastKnownFileType = sourcecode.c.objc; path = SmartLabel.m; sourceTree = "<group>"; };
		56A29A661DC1ED33003FDCCA /* SmartSlider.h */ = {isa = PBXFileReference; fileEncoding = 4; lastKnownFileType = sourcecode.c.h; path = SmartSlider.h; sourceTree = "<group>"; };
		56A29A671DC1ED33003FDCCA /* SmartSlider.m */ = {isa = PBXFileReference; fileEncoding = 4; lastKnownFileType = sourcecode.c.objc; path = SmartSlider.m; sourceTree = "<group>"; };
		56C0995C1DD5A6700018BF24 /* BaseView.h */ = {isa = PBXFileReference; fileEncoding = 4; lastKnownFileType = sourcecode.c.h; path = BaseView.h; sourceTree = "<group>"; };
		56C0995D1DD5A6700018BF24 /* BaseView.m */ = {isa = PBXFileReference; fileEncoding = 4; lastKnownFileType = sourcecode.c.objc; path = BaseView.m; sourceTree = "<group>"; };
		56C0995F1DD5AEB90018BF24 /* BaseViewController.h */ = {isa = PBXFileReference; fileEncoding = 4; lastKnownFileType = sourcecode.c.h; path = BaseViewController.h; sourceTree = "<group>"; };
		56C099601DD5AEB90018BF24 /* BaseViewController.m */ = {isa = PBXFileReference; fileEncoding = 4; lastKnownFileType = sourcecode.c.objc; path = BaseViewController.m; sourceTree = "<group>"; };
		56F6DCC71DADE9CD002F7D23 /* Photos.framework */ = {isa = PBXFileReference; lastKnownFileType = wrapper.framework; name = Photos.framework; path = System/Library/Frameworks/Photos.framework; sourceTree = SDKROOT; };
		56F6DCC81DADE9CD002F7D23 /* PhotosUI.framework */ = {isa = PBXFileReference; lastKnownFileType = wrapper.framework; name = PhotosUI.framework; path = System/Library/Frameworks/PhotosUI.framework; sourceTree = SDKROOT; };
		A19E3F76F8ACD103C17822B6 /* libPods-PhotoBooth.a */ = {isa = PBXFileReference; explicitFileType = archive.ar; includeInIndex = 0; path = "libPods-PhotoBooth.a"; sourceTree = BUILT_PRODUCTS_DIR; };
		DA0F5A6EF05C76F878D0F72A /* Pods-PhotoBooth.debug.xcconfig */ = {isa = PBXFileReference; includeInIndex = 1; lastKnownFileType = text.xcconfig; name = "Pods-PhotoBooth.debug.xcconfig"; path = "Pods/Target Support Files/Pods-PhotoBooth/Pods-PhotoBooth.debug.xcconfig"; sourceTree = "<group>"; };
/* End PBXFileReference section */

/* Begin PBXFrameworksBuildPhase section */
		565F127F1DACB76F00B96C52 /* Frameworks */ = {
			isa = PBXFrameworksBuildPhase;
			buildActionMask = 2147483647;
			files = (
				56F6DCC91DADE9CE002F7D23 /* Photos.framework in Frameworks */,
				56F6DCCA1DADE9CE002F7D23 /* PhotosUI.framework in Frameworks */,
				2FE390511D5E24E39B43FFC4 /* libPods-PhotoBooth.a in Frameworks */,
			);
			runOnlyForDeploymentPostprocessing = 0;
		};
/* End PBXFrameworksBuildPhase section */

/* Begin PBXGroup section */
		14F00B29933C7F9207698EB0 /* Pods */ = {
			isa = PBXGroup;
			children = (
				DA0F5A6EF05C76F878D0F72A /* Pods-PhotoBooth.debug.xcconfig */,
				17A5FF821C9E087BD5CC9E6F /* Pods-PhotoBooth.release.xcconfig */,
			);
			name = Pods;
			sourceTree = "<group>";
		};
		56476DFE1DB8A01F003F209F /* doctor_soos */ = {
			isa = PBXGroup;
			children = (
				56476DFF1DB8A01F003F209F /* Doctor Soos Bold 2.1.ttf */,
				56476E001DB8A01F003F209F /* Doctor Soos Light 1.1.ttf */,
			);
			path = doctor_soos;
			sourceTree = "<group>";
		};
		565781671DBFC3F0006BD749 /* Utility */ = {
			isa = PBXGroup;
			children = (
				565781801DC01694006BD749 /* GlobalConstants.h */,
				565781811DC01694006BD749 /* GlobalConstants.m */,
				565781681DBFC3F0006BD749 /* GlobalUtility.h */,
				565781691DBFC3F0006BD749 /* GlobalUtility.m */,
			);
			path = Utility;
			sourceTree = "<group>";
		};
		5657816A1DBFC3F0006BD749 /* ViewControllers */ = {
			isa = PBXGroup;
			children = (
				56C0995F1DD5AEB90018BF24 /* BaseViewController.h */,
				56C099601DD5AEB90018BF24 /* BaseViewController.m */,
				5657816B1DBFC3F0006BD749 /* IntroViewController.h */,
				5657816C1DBFC3F0006BD749 /* IntroViewController.m */,
				5657816D1DBFC3F0006BD749 /* SendPhotoViewController.h */,
				5657816E1DBFC3F0006BD749 /* SendPhotoViewController.m */,
				5657816F1DBFC3F0006BD749 /* ViewController.h */,
				565781701DBFC3F0006BD749 /* ViewController.m */,
			);
			path = ViewControllers;
			sourceTree = "<group>";
		};
		565781751DBFC40C006BD749 /* Storyboards */ = {
			isa = PBXGroup;
			children = (
				5697FF091DD3FDF8001E741D /* EditModeViewController.xib */,
				565F128E1DACB76F00B96C52 /* Main.storyboard */,
				561AA1D41DC70B4B00FA2077 /* PropertyView.xib */,
				565F12931DACB76F00B96C52 /* LaunchScreen.storyboard */,
			);
			name = Storyboards;
			sourceTree = "<group>";
		};
		565781791DBFC488006BD749 /* Models */ = {
			isa = PBXGroup;
			children = (
				56C0995C1DD5A6700018BF24 /* BaseView.h */,
				56C0995D1DD5A6700018BF24 /* BaseView.m */,
				5697FF0C1DD3FF57001E741D /* EditModeView.h */,
				5697FF0D1DD3FF57001E741D /* EditModeView.m */,
				5657817A1DBFC488006BD749 /* IntroScreenImagesModel.h */,
				5657817B1DBFC488006BD749 /* IntroScreenImagesModel.m */,
				5675B63C1DD24CE600B16C69 /* IntroScreenLabelsModel.h */,
				5675B63D1DD24CE600B16C69 /* IntroScreenLabelsModel.m */,
				56A29A631DC0A0DC003FDCCA /* SmartLabel.h */,
				56A29A641DC0A0DC003FDCCA /* SmartLabel.m */,
				56A29A661DC1ED33003FDCCA /* SmartSlider.h */,
				56A29A671DC1ED33003FDCCA /* SmartSlider.m */,
				561AA1D61DC71B2C00FA2077 /* TextPropertyView.h */,
				561AA1D71DC71B2C00FA2077 /* TextPropertyView.m */,
			);
			path = Models;
			sourceTree = "<group>";
		};
		565F12791DACB76F00B96C52 = {
			isa = PBXGroup;
			children = (
				565F12841DACB76F00B96C52 /* PhotoBooth */,
				565F12831DACB76F00B96C52 /* Products */,
				14F00B29933C7F9207698EB0 /* Pods */,
				E34231AA062647350EC4C689 /* Frameworks */,
			);
			sourceTree = "<group>";
		};
		565F12831DACB76F00B96C52 /* Products */ = {
			isa = PBXGroup;
			children = (
				565F12821DACB76F00B96C52 /* PhotoBooth.app */,
			);
			name = Products;
			sourceTree = "<group>";
		};
		565F12841DACB76F00B96C52 /* PhotoBooth */ = {
			isa = PBXGroup;
			children = (
				565F12881DACB76F00B96C52 /* AppDelegate.h */,
				565F12891DACB76F00B96C52 /* AppDelegate.m */,
				565781791DBFC488006BD749 /* Models */,
				565781751DBFC40C006BD749 /* Storyboards */,
				565781671DBFC3F0006BD749 /* Utility */,
				5657816A1DBFC3F0006BD749 /* ViewControllers */,
				565F12851DACB76F00B96C52 /* Supporting Files */,
			);
			path = PhotoBooth;
			sourceTree = "<group>";
		};
		565F12851DACB76F00B96C52 /* Supporting Files */ = {
			isa = PBXGroup;
			children = (
				565781831DC0182A006BD749 /* PrefixHeader.pch */,
				565F12911DACB76F00B96C52 /* Assets.xcassets */,
				565F12961DACB76F00B96C52 /* Info.plist */,
				56476DFE1DB8A01F003F209F /* doctor_soos */,
				565F12861DACB76F00B96C52 /* main.m */,
			);
			name = "Supporting Files";
			sourceTree = "<group>";
		};
		E34231AA062647350EC4C689 /* Frameworks */ = {
			isa = PBXGroup;
			children = (
				56F6DCC71DADE9CD002F7D23 /* Photos.framework */,
				56F6DCC81DADE9CD002F7D23 /* PhotosUI.framework */,
				A19E3F76F8ACD103C17822B6 /* libPods-PhotoBooth.a */,
			);
			name = Frameworks;
			sourceTree = "<group>";
		};
/* End PBXGroup section */

/* Begin PBXNativeTarget section */
		565F12811DACB76F00B96C52 /* PhotoBooth */ = {
			isa = PBXNativeTarget;
			buildConfigurationList = 565F12991DACB76F00B96C52 /* Build configuration list for PBXNativeTarget "PhotoBooth" */;
			buildPhases = (
				169DE9A6B8C4B17F554AA5C1 /* [CP] Check Pods Manifest.lock */,
				565F127E1DACB76F00B96C52 /* Sources */,
				565F127F1DACB76F00B96C52 /* Frameworks */,
				565F12801DACB76F00B96C52 /* Resources */,
				F4F87669B7C014D0CB5E5FF7 /* [CP] Embed Pods Frameworks */,
				7E322AE95689EB97225EB503 /* [CP] Copy Pods Resources */,
			);
			buildRules = (
			);
			dependencies = (
			);
			name = PhotoBooth;
			productName = PhotoBooth;
			productReference = 565F12821DACB76F00B96C52 /* PhotoBooth.app */;
			productType = "com.apple.product-type.application";
		};
/* End PBXNativeTarget section */

/* Begin PBXProject section */
		565F127A1DACB76F00B96C52 /* Project object */ = {
			isa = PBXProject;
			attributes = {
				LastUpgradeCheck = 0800;
				ORGANIZATIONNAME = "robert enriquez";
				TargetAttributes = {
					565F12811DACB76F00B96C52 = {
						CreatedOnToolsVersion = 8.0;
						DevelopmentTeam = G87QTK58LT;
						ProvisioningStyle = Automatic;
					};
				};
			};
			buildConfigurationList = 565F127D1DACB76F00B96C52 /* Build configuration list for PBXProject "PhotoBooth" */;
			compatibilityVersion = "Xcode 3.2";
			developmentRegion = English;
			hasScannedForEncodings = 0;
			knownRegions = (
				en,
				Base,
			);
			mainGroup = 565F12791DACB76F00B96C52;
			productRefGroup = 565F12831DACB76F00B96C52 /* Products */;
			projectDirPath = "";
			projectRoot = "";
			targets = (
				565F12811DACB76F00B96C52 /* PhotoBooth */,
			);
		};
/* End PBXProject section */

/* Begin PBXResourcesBuildPhase section */
		565F12801DACB76F00B96C52 /* Resources */ = {
			isa = PBXResourcesBuildPhase;
			buildActionMask = 2147483647;
			files = (
				565F12951DACB76F00B96C52 /* LaunchScreen.storyboard in Resources */,
				5697FF0B1DD3FDF8001E741D /* EditModeViewController.xib in Resources */,
				56476E011DB8A01F003F209F /* Doctor Soos Bold 2.1.ttf in Resources */,
				565F12921DACB76F00B96C52 /* Assets.xcassets in Resources */,
				561AA1D51DC70B4B00FA2077 /* PropertyView.xib in Resources */,
				565F12901DACB76F00B96C52 /* Main.storyboard in Resources */,
				56476E021DB8A01F003F209F /* Doctor Soos Light 1.1.ttf in Resources */,
			);
			runOnlyForDeploymentPostprocessing = 0;
		};
/* End PBXResourcesBuildPhase section */

/* Begin PBXShellScriptBuildPhase section */
		169DE9A6B8C4B17F554AA5C1 /* [CP] Check Pods Manifest.lock */ = {
			isa = PBXShellScriptBuildPhase;
			buildActionMask = 2147483647;
			files = (
			);
			inputPaths = (
			);
			name = "[CP] Check Pods Manifest.lock";
			outputPaths = (
			);
			runOnlyForDeploymentPostprocessing = 0;
			shellPath = /bin/sh;
			shellScript = "diff \"${PODS_ROOT}/../Podfile.lock\" \"${PODS_ROOT}/Manifest.lock\" > /dev/null\nif [ $? != 0 ] ; then\n    # print error to STDERR\n    echo \"error: The sandbox is not in sync with the Podfile.lock. Run \'pod install\' or update your CocoaPods installation.\" >&2\n    exit 1\nfi\n";
			showEnvVarsInLog = 0;
		};
		7E322AE95689EB97225EB503 /* [CP] Copy Pods Resources */ = {
			isa = PBXShellScriptBuildPhase;
			buildActionMask = 2147483647;
			files = (
			);
			inputPaths = (
			);
			name = "[CP] Copy Pods Resources";
			outputPaths = (
			);
			runOnlyForDeploymentPostprocessing = 0;
			shellPath = /bin/sh;
			shellScript = "\"${SRCROOT}/Pods/Target Support Files/Pods-PhotoBooth/Pods-PhotoBooth-resources.sh\"\n";
			showEnvVarsInLog = 0;
		};
		F4F87669B7C014D0CB5E5FF7 /* [CP] Embed Pods Frameworks */ = {
			isa = PBXShellScriptBuildPhase;
			buildActionMask = 2147483647;
			files = (
			);
			inputPaths = (
			);
			name = "[CP] Embed Pods Frameworks";
			outputPaths = (
			);
			runOnlyForDeploymentPostprocessing = 0;
			shellPath = /bin/sh;
			shellScript = "\"${SRCROOT}/Pods/Target Support Files/Pods-PhotoBooth/Pods-PhotoBooth-frameworks.sh\"\n";
			showEnvVarsInLog = 0;
		};
/* End PBXShellScriptBuildPhase section */

/* Begin PBXSourcesBuildPhase section */
		565F127E1DACB76F00B96C52 /* Sources */ = {
			isa = PBXSourcesBuildPhase;
			buildActionMask = 2147483647;
			files = (
				565781741DBFC3F0006BD749 /* ViewController.m in Sources */,
				56C099611DD5AEB90018BF24 /* BaseViewController.m in Sources */,
				56A29A651DC0A0DC003FDCCA /* SmartLabel.m in Sources */,
				565781731DBFC3F0006BD749 /* SendPhotoViewController.m in Sources */,
				5675B63E1DD24CE600B16C69 /* IntroScreenLabelsModel.m in Sources */,
				565781821DC01694006BD749 /* GlobalConstants.m in Sources */,
				5697FF0E1DD3FF57001E741D /* EditModeView.m in Sources */,
				56A29A681DC1ED33003FDCCA /* SmartSlider.m in Sources */,
				565F128A1DACB76F00B96C52 /* AppDelegate.m in Sources */,
				5657817C1DBFC488006BD749 /* IntroScreenImagesModel.m in Sources */,
				56C0995E1DD5A6700018BF24 /* BaseView.m in Sources */,
				565781711DBFC3F0006BD749 /* GlobalUtility.m in Sources */,
				565F12871DACB76F00B96C52 /* main.m in Sources */,
				565781721DBFC3F0006BD749 /* IntroViewController.m in Sources */,
				561AA1D81DC71B2C00FA2077 /* TextPropertyView.m in Sources */,
			);
			runOnlyForDeploymentPostprocessing = 0;
		};
/* End PBXSourcesBuildPhase section */

/* Begin PBXVariantGroup section */
		565F128E1DACB76F00B96C52 /* Main.storyboard */ = {
			isa = PBXVariantGroup;
			children = (
				565F128F1DACB76F00B96C52 /* Base */,
			);
			name = Main.storyboard;
			sourceTree = "<group>";
		};
		565F12931DACB76F00B96C52 /* LaunchScreen.storyboard */ = {
			isa = PBXVariantGroup;
			children = (
				565F12941DACB76F00B96C52 /* Base */,
			);
			name = LaunchScreen.storyboard;
			sourceTree = "<group>";
		};
/* End PBXVariantGroup section */

/* Begin XCBuildConfiguration section */
		565F12971DACB76F00B96C52 /* Debug */ = {
			isa = XCBuildConfiguration;
			buildSettings = {
				ALWAYS_SEARCH_USER_PATHS = NO;
				CLANG_ANALYZER_NONNULL = YES;
				CLANG_CXX_LANGUAGE_STANDARD = "gnu++0x";
				CLANG_CXX_LIBRARY = "libc++";
				CLANG_ENABLE_MODULES = YES;
				CLANG_ENABLE_OBJC_ARC = YES;
				CLANG_WARN_BOOL_CONVERSION = YES;
				CLANG_WARN_CONSTANT_CONVERSION = YES;
				CLANG_WARN_DIRECT_OBJC_ISA_USAGE = YES_ERROR;
				CLANG_WARN_DOCUMENTATION_COMMENTS = YES;
				CLANG_WARN_EMPTY_BODY = YES;
				CLANG_WARN_ENUM_CONVERSION = YES;
				CLANG_WARN_INFINITE_RECURSION = YES;
				CLANG_WARN_INT_CONVERSION = YES;
				CLANG_WARN_OBJC_ROOT_CLASS = YES_ERROR;
				CLANG_WARN_SUSPICIOUS_MOVE = YES;
				CLANG_WARN_SUSPICIOUS_MOVES = YES;
				CLANG_WARN_UNREACHABLE_CODE = YES;
				CLANG_WARN__DUPLICATE_METHOD_MATCH = YES;
				"CODE_SIGN_IDENTITY[sdk=iphoneos*]" = "iPhone Developer";
				COPY_PHASE_STRIP = NO;
				DEBUG_INFORMATION_FORMAT = dwarf;
				ENABLE_STRICT_OBJC_MSGSEND = YES;
				ENABLE_TESTABILITY = YES;
				GCC_C_LANGUAGE_STANDARD = gnu99;
				GCC_DYNAMIC_NO_PIC = NO;
				GCC_NO_COMMON_BLOCKS = YES;
				GCC_OPTIMIZATION_LEVEL = 0;
				GCC_PREPROCESSOR_DEFINITIONS = (
					"DEBUG=1",
					"$(inherited)",
				);
				GCC_WARN_64_TO_32_BIT_CONVERSION = YES;
				GCC_WARN_ABOUT_RETURN_TYPE = YES_ERROR;
				GCC_WARN_UNDECLARED_SELECTOR = YES;
				GCC_WARN_UNINITIALIZED_AUTOS = YES_AGGRESSIVE;
				GCC_WARN_UNUSED_FUNCTION = YES;
				GCC_WARN_UNUSED_VARIABLE = YES;
				IPHONEOS_DEPLOYMENT_TARGET = 9.3;
				MTL_ENABLE_DEBUG_INFO = YES;
				ONLY_ACTIVE_ARCH = YES;
				SDKROOT = iphoneos;
			};
			name = Debug;
		};
		565F12981DACB76F00B96C52 /* Release */ = {
			isa = XCBuildConfiguration;
			buildSettings = {
				ALWAYS_SEARCH_USER_PATHS = NO;
				CLANG_ANALYZER_NONNULL = YES;
				CLANG_CXX_LANGUAGE_STANDARD = "gnu++0x";
				CLANG_CXX_LIBRARY = "libc++";
				CLANG_ENABLE_MODULES = YES;
				CLANG_ENABLE_OBJC_ARC = YES;
				CLANG_WARN_BOOL_CONVERSION = YES;
				CLANG_WARN_CONSTANT_CONVERSION = YES;
				CLANG_WARN_DIRECT_OBJC_ISA_USAGE = YES_ERROR;
				CLANG_WARN_DOCUMENTATION_COMMENTS = YES;
				CLANG_WARN_EMPTY_BODY = YES;
				CLANG_WARN_ENUM_CONVERSION = YES;
				CLANG_WARN_INFINITE_RECURSION = YES;
				CLANG_WARN_INT_CONVERSION = YES;
				CLANG_WARN_OBJC_ROOT_CLASS = YES_ERROR;
				CLANG_WARN_SUSPICIOUS_MOVE = YES;
				CLANG_WARN_SUSPICIOUS_MOVES = YES;
				CLANG_WARN_UNREACHABLE_CODE = YES;
				CLANG_WARN__DUPLICATE_METHOD_MATCH = YES;
				"CODE_SIGN_IDENTITY[sdk=iphoneos*]" = "iPhone Developer";
				COPY_PHASE_STRIP = NO;
				DEBUG_INFORMATION_FORMAT = "dwarf-with-dsym";
				ENABLE_NS_ASSERTIONS = NO;
				ENABLE_STRICT_OBJC_MSGSEND = YES;
				GCC_C_LANGUAGE_STANDARD = gnu99;
				GCC_NO_COMMON_BLOCKS = YES;
				GCC_WARN_64_TO_32_BIT_CONVERSION = YES;
				GCC_WARN_ABOUT_RETURN_TYPE = YES_ERROR;
				GCC_WARN_UNDECLARED_SELECTOR = YES;
				GCC_WARN_UNINITIALIZED_AUTOS = YES_AGGRESSIVE;
				GCC_WARN_UNUSED_FUNCTION = YES;
				GCC_WARN_UNUSED_VARIABLE = YES;
				IPHONEOS_DEPLOYMENT_TARGET = 9.3;
				MTL_ENABLE_DEBUG_INFO = NO;
				SDKROOT = iphoneos;
				VALIDATE_PRODUCT = YES;
			};
			name = Release;
		};
		565F129A1DACB76F00B96C52 /* Debug */ = {
			isa = XCBuildConfiguration;
			baseConfigurationReference = DA0F5A6EF05C76F878D0F72A /* Pods-PhotoBooth.debug.xcconfig */;
			buildSettings = {
				ASSETCATALOG_COMPILER_APPICON_NAME = AppIcon;
				CODE_SIGN_IDENTITY = "iPhone Developer";
				DEVELOPMENT_TEAM = G87QTK58LT;
				GCC_PREFIX_HEADER = "$(PRODUCT_NAME)/PrefixHeader.pch";
				INFOPLIST_FILE = PhotoBooth/Info.plist;
				IPHONEOS_DEPLOYMENT_TARGET = 9.3;
				LD_RUNPATH_SEARCH_PATHS = "$(inherited) @executable_path/Frameworks";
				PRODUCT_BUNDLE_IDENTIFIER = com.robe.games.ios.PartyPhotoBooth;
				PRODUCT_NAME = "$(TARGET_NAME)";
				TARGETED_DEVICE_FAMILY = "1,2";
			};
			name = Debug;
		};
		565F129B1DACB76F00B96C52 /* Release */ = {
			isa = XCBuildConfiguration;
			baseConfigurationReference = 17A5FF821C9E087BD5CC9E6F /* Pods-PhotoBooth.release.xcconfig */;
			buildSettings = {
				ASSETCATALOG_COMPILER_APPICON_NAME = AppIcon;
				CODE_SIGN_IDENTITY = "iPhone Developer";
				DEVELOPMENT_TEAM = G87QTK58LT;
				GCC_PREFIX_HEADER = "$(PRODUCT_NAME)/PrefixHeader.pch";
				INFOPLIST_FILE = PhotoBooth/Info.plist;
				IPHONEOS_DEPLOYMENT_TARGET = 9.3;
				LD_RUNPATH_SEARCH_PATHS = "$(inherited) @executable_path/Frameworks";
				PRODUCT_BUNDLE_IDENTIFIER = com.robe.games.ios.PartyPhotoBooth;
				PRODUCT_NAME = "$(TARGET_NAME)";
				TARGETED_DEVICE_FAMILY = "1,2";
			};
			name = Release;
		};
/* End XCBuildConfiguration section */

/* Begin XCConfigurationList section */
		565F127D1DACB76F00B96C52 /* Build configuration list for PBXProject "PhotoBooth" */ = {
			isa = XCConfigurationList;
			buildConfigurations = (
				565F12971DACB76F00B96C52 /* Debug */,
				565F12981DACB76F00B96C52 /* Release */,
			);
			defaultConfigurationIsVisible = 0;
			defaultConfigurationName = Release;
		};
		565F12991DACB76F00B96C52 /* Build configuration list for PBXNativeTarget "PhotoBooth" */ = {
			isa = XCConfigurationList;
			buildConfigurations = (
				565F129A1DACB76F00B96C52 /* Debug */,
				565F129B1DACB76F00B96C52 /* Release */,
			);
			defaultConfigurationIsVisible = 0;
			defaultConfigurationName = Release;
		};
/* End XCConfigurationList section */
	};
	rootObject = 565F127A1DACB76F00B96C52 /* Project object */;
}
